<?xml version="1.0" encoding="utf-8"?>
<Project ToolsVersion="4.0" xmlns="http://schemas.microsoft.com/developer/msbuild/2003">
  <ItemGroup>
    <Filter Include="Source Files">
      <UniqueIdentifier>{4FC737F1-C7A5-4376-A066-2A32D752A2FF}</UniqueIdentifier>
      <Extensions>cpp;c;cc;cxx;def;odl;idl;hpj;bat;asm;asmx</Extensions>
    </Filter>
    <Filter Include="Header Files">
      <UniqueIdentifier>{93995380-89BD-4b04-88EB-625FBE52EBFB}</UniqueIdentifier>
      <Extensions>h;hpp;hxx;hm;inl;inc;xsd</Extensions>
    </Filter>
    <Filter Include="Resource Files">
      <UniqueIdentifier>{c66af882-0a33-4404-b42c-55ed3833b092}</UniqueIdentifier>
    </Filter>
    <Filter Include="Strings">
      <UniqueIdentifier>{7068f9f5-af43-4785-8fe6-a8e86ed67749}</UniqueIdentifier>
    </Filter>
    <Filter Include="Legacy Support">
      <UniqueIdentifier>{8bd88354-ebdc-418c-9a31-e865306c4cb2}</UniqueIdentifier>
    </Filter>
    <Filter Include="CUDA">
      <UniqueIdentifier>{16ead406-7760-46f1-9c57-89861a312188}</UniqueIdentifier>
    </Filter>
  </ItemGroup>
  <ItemGroup>
    <ClCompile Include="Main.cpp">
    </ClCompile>
    <ClCompile Include="Source Files\SharedFunctions.cpp">
      <Filter>Source Files</Filter>
    </ClCompile>
    <ClCompile Include="Source Files\BinaryOutputManager.cpp">
      <Filter>Source Files</Filter>
    </ClCompile>
    <ClCompile Include="Source Files\Threads.cpp">
      <Filter>Source Files</Filter>
    </ClCompile>
    <ClCompile Include="Source Files\Graphic3D.cpp">
      <Filter>Source Files</Filter>
    </ClCompile>
    <ClCompile Include="Strings\StringController.cpp">
      <Filter>Strings</Filter>
    </ClCompile>
    <ClCompile Include="Legacy Support\gs_report.c">
      <Filter>Legacy Support</Filter>
    </ClCompile>
    <ClCompile Include="Legacy Support\invarg.c">
      <Filter>Legacy Support</Filter>
    </ClCompile>
    <ClCompile Include="Source Files\ErrorHandler.cpp">
      <Filter>Source Files</Filter>
    </ClCompile>
    <ClCompile Include="Source Files\LibraryLoader.cpp">
      <Filter>Source Files</Filter>
    </ClCompile>
  </ItemGroup>
  <ItemGroup>
    <ClInclude Include="Header Files\Body3D.h">
      <Filter>Header Files</Filter>
    </ClInclude>
    <ClInclude Include="Header Files\Data.h">
      <Filter>Header Files</Filter>
    </ClInclude>
    <ClInclude Include="Header Files\Engine.h">
      <Filter>Header Files</Filter>
    </ClInclude>
    <ClInclude Include="Header Files\Graphic2D.h">
      <Filter>Header Files</Filter>
    </ClInclude>
    <ClInclude Include="Header Files\SharedFunctions.h">
      <Filter>Header Files</Filter>
    </ClInclude>
    <ClInclude Include="Header Files\SharedData.h">
      <Filter>Header Files</Filter>
    </ClInclude>
    <ClInclude Include="Header Files\BinaryOutputManager.h">
      <Filter>Header Files</Filter>
    </ClInclude>
    <ClInclude Include="Header Files\Threads.h">
      <Filter>Header Files</Filter>
    </ClInclude>
    <ClInclude Include="SharedHeader.h" />
    <ClInclude Include="Header Files\Graphic3D.h">
      <Filter>Header Files</Filter>
    </ClInclude>
    <ClInclude Include="Header Files\Errors.h">
      <Filter>Header Files</Filter>
    </ClInclude>
    <ClInclude Include="resource.h">
      <Filter>Resource Files</Filter>
    </ClInclude>
    <ClInclude Include="Info.h" />
    <ClInclude Include="Strings\StringController.h">
      <Filter>Strings</Filter>
    </ClInclude>
    <ClInclude Include="Strings\EnglishUS_Strings.h">
      <Filter>Strings</Filter>
    </ClInclude>
    <ClInclude Include="Header Files\ErrorHandler.h">
      <Filter>Header Files</Filter>
    </ClInclude>
    <ClInclude Include="CUDA\PTXFile.h">
      <Filter>CUDA</Filter>
    </ClInclude>
    <ClInclude Include="Header Files\CUDAHandler.h">
      <Filter>Header Files</Filter>
    </ClInclude>
    <ClInclude Include="Source Files\CUDAHandler.cpp">
      <Filter>Source Files</Filter>
    </ClInclude>
    <ClInclude Include="Header Files\LibraryLoader.h">
      <Filter>Header Files</Filter>
    </ClInclude>
  </ItemGroup>
  <ItemGroup>
    <ClCompile Include="Source Files\Engine.cpp">
      <Filter>Source Files</Filter>
    </ClCompile>
    <ClCompile Include="Source Files\Data.cpp">
      <Filter>Source Files</Filter>
    </ClCompile>
    <ClCompile Include="Source Files\Graphic2D.cpp">
      <Filter>Source Files</Filter>
    </ClCompile>
  </ItemGroup>
  <ItemGroup>
    <None Include="GalaxyIcon.ico">
      <Filter>Resource Files</Filter>
    </None>
  </ItemGroup>
  <ItemGroup>
    <ResourceCompile Include="BugaleNBodySimulator.rc">
      <Filter>Resource Files</Filter>
    </ResourceCompile>
  </ItemGroup>
</Project>